
Microsoft Visual Studio Solution File, Format Version 12.00
# Visual Studio Version 17
VisualStudioVersion = 17.4.33403.182
MinimumVisualStudioVersion = 10.0.40219.1
Project("{FAE04EC0-301F-11D3-BF4B-00C04F79EFBC}") = "reposatywithuow", "reposatywithuow.csproj", "{E49A1699-0187-4EBB-A774-27DC3D3D8D11}"
EndProject
Global
	GlobalSection(SolutionConfigurationPlatforms) = preSolution
		Debug|Any CPU = Debug|Any CPU
		Release|Any CPU = Release|Any CPU
	EndGlobalSection
	GlobalSection(ProjectConfigurationPlatforms) = postSolution
		{E49A1699-0187-4EBB-A774-27DC3D3D8D11}.Debug|Any CPU.ActiveCfg = Debug|Any CPU
		{E49A1699-0187-4EBB-A774-27DC3D3D8D11}.Debug|Any CPU.Build.0 = Debug|Any CPU
		{E49A1699-0187-4EBB-A774-27DC3D3D8D11}.Release|Any CPU.ActiveCfg = Release|Any CPU
		{E49A1699-0187-4EBB-A774-27DC3D3D8D11}.Release|Any CPU.Build.0 = Release|Any CPU
	EndGlobalSection
	GlobalSection(SolutionProperties) = preSolution
		HideSolutionNode = FALSE
	EndGlobalSection
	GlobalSection(ExtensibilityGlobals) = postSolution
		SolutionGuid = {0B1C1F9E-5340-4CC6-B5D5-4C47E5C102FA}
	EndGlobalSection
EndGlobal
